
Microsoft Visual Studio Solution File, Format Version 12.00
# Visual Studio Version 17
VisualStudioVersion = 17.1.32228.430
MinimumVisualStudioVersion = 10.0.40219.1
Project("{FAE04EC0-301F-11D3-BF4B-00C04F79EFBC}") = "p2", "p2\p2.csproj", "{3023E463-EB8F-4C9E-A93F-762C3BCDEF1E}"
EndProject
Global
	GlobalSection(SolutionConfigurationPlatforms) = preSolution
		Debug|Any CPU = Debug|Any CPU
		Release|Any CPU = Release|Any CPU
	EndGlobalSection
	GlobalSection(ProjectConfigurationPlatforms) = postSolution
		{3023E463-EB8F-4C9E-A93F-762C3BCDEF1E}.Debug|Any CPU.ActiveCfg = Debug|Any CPU
		{3023E463-EB8F-4C9E-A93F-762C3BCDEF1E}.Debug|Any CPU.Build.0 = Debug|Any CPU
		{3023E463-EB8F-4C9E-A93F-762C3BCDEF1E}.Release|Any CPU.ActiveCfg = Release|Any CPU
		{3023E463-EB8F-4C9E-A93F-762C3BCDEF1E}.Release|Any CPU.Build.0 = Release|Any CPU
	EndGlobalSection
	GlobalSection(SolutionProperties) = preSolution
		HideSolutionNode = FALSE
	EndGlobalSection
	GlobalSection(ExtensibilityGlobals) = postSolution
		SolutionGuid = {4C797BA3-17A8-46DC-9553-864EA82296AD}
	EndGlobalSection
EndGlobal
